dependencies:
- name: backend
  repository: file://deps/backend/
  version: 1.1.0
- name: iso-master
  repository: file://deps/iso-master/
  version: 1.1.0
- name: rf-scan
  repository: file://deps/rf-scan/
  version: 1.1.0
- name: frontrow
  repository: file://deps/frontrow/
  version: 1.1.0
- name: rfapi
  repository: file://deps/rfapi/
  version: 1.1.0
- name: rfpubsub
  repository: file://deps/rfpubsub/
  version: 1.1.0
- name: aggregator
  repository: file://deps/aggregator/
  version: 1.1.0
- name: keycloak
  repository: file://deps/keycloak/
  version: 1.1.0
- name: redis
  repository: file://deps/redis/
  version: 1.1.0
- name: files-redis
  repository: file://deps/files-redis/
  version: 1.1.0
- name: lock-redis
  repository: file://deps/lock-redis/
  version: 1.1.0
- name: mysql
  repository: file://deps/mysql/
  version: 1.1.0
- name: runner
  repository: file://deps/runner/
  version: 1.1.0
- name: vulns-db
  repository: file://deps/vulns-db/
  version: 1.1.0
- name: fileupload
  repository: file://deps/fileupload/
  version: 1.1.0
- name: fluent-bit
  repository: file://deps/fluent-bit/
  version: 1.1.0
digest: sha256:70e699de3040eaf125af6b33c54871ca413735e32859e0c383374759e27c660d
generated: "2023-09-27T09:08:53.005548245-07:00"
